
Microsoft Visual Studio Solution File, Format Version 12.00
# Visual Studio Version 16
VisualStudioVersion = 16.0.30204.135
MinimumVisualStudioVersion = 10.0.40219.1
Project("{FAE04EC0-301F-11D3-BF4B-00C04F79EFBC}") = "Chapter12Excersice", "Chapter12Excersice\Chapter12Excersice.csproj", "{02EB4F03-4F7B-4925-A682-0BFC51C7CD9B}"
EndProject
Global
	GlobalSection(SolutionConfigurationPlatforms) = preSolution
		Debug|Any CPU = Debug|Any CPU
		Release|Any CPU = Release|Any CPU
	EndGlobalSection
	GlobalSection(ProjectConfigurationPlatforms) = postSolution
		{02EB4F03-4F7B-4925-A682-0BFC51C7CD9B}.Debug|Any CPU.ActiveCfg = Debug|Any CPU
		{02EB4F03-4F7B-4925-A682-0BFC51C7CD9B}.Debug|Any CPU.Build.0 = Debug|Any CPU
		{02EB4F03-4F7B-4925-A682-0BFC51C7CD9B}.Release|Any CPU.ActiveCfg = Release|Any CPU
		{02EB4F03-4F7B-4925-A682-0BFC51C7CD9B}.Release|Any CPU.Build.0 = Release|Any CPU
	EndGlobalSection
	GlobalSection(SolutionProperties) = preSolution
		HideSolutionNode = FALSE
	EndGlobalSection
	GlobalSection(ExtensibilityGlobals) = postSolution
		SolutionGuid = {B0C9A685-5883-4700-9AD0-BD52111A9DBB}
	EndGlobalSection
EndGlobal
