
Microsoft Visual Studio Solution File, Format Version 12.00
# Visual Studio Version 16
VisualStudioVersion = 16.0.30204.135
MinimumVisualStudioVersion = 10.0.40219.1
Project("{FAE04EC0-301F-11D3-BF4B-00C04F79EFBC}") = "Chapter10Excersices", "Chapter10Excersices\Chapter10Excersices.csproj", "{1EB4D475-FA07-4E84-8D5E-C42BADE0CD43}"
EndProject
Global
	GlobalSection(SolutionConfigurationPlatforms) = preSolution
		Debug|Any CPU = Debug|Any CPU
		Release|Any CPU = Release|Any CPU
	EndGlobalSection
	GlobalSection(ProjectConfigurationPlatforms) = postSolution
		{1EB4D475-FA07-4E84-8D5E-C42BADE0CD43}.Debug|Any CPU.ActiveCfg = Debug|Any CPU
		{1EB4D475-FA07-4E84-8D5E-C42BADE0CD43}.Debug|Any CPU.Build.0 = Debug|Any CPU
		{1EB4D475-FA07-4E84-8D5E-C42BADE0CD43}.Release|Any CPU.ActiveCfg = Release|Any CPU
		{1EB4D475-FA07-4E84-8D5E-C42BADE0CD43}.Release|Any CPU.Build.0 = Release|Any CPU
	EndGlobalSection
	GlobalSection(SolutionProperties) = preSolution
		HideSolutionNode = FALSE
	EndGlobalSection
	GlobalSection(ExtensibilityGlobals) = postSolution
		SolutionGuid = {1D5FEEC0-5C88-4CB5-B44F-9BE79460AB5A}
	EndGlobalSection
EndGlobal
