
Microsoft Visual Studio Solution File, Format Version 12.00
# Visual Studio Version 16
VisualStudioVersion = 16.0.30204.135
MinimumVisualStudioVersion = 10.0.40219.1
Project("{FAE04EC0-301F-11D3-BF4B-00C04F79EFBC}") = "Chapter3Excersices", "Chapter3Excersices\Chapter3Excersices.csproj", "{E36279FD-6E55-4EF8-8F35-783F8C5AF7C2}"
EndProject
Global
	GlobalSection(SolutionConfigurationPlatforms) = preSolution
		Debug|Any CPU = Debug|Any CPU
		Release|Any CPU = Release|Any CPU
	EndGlobalSection
	GlobalSection(ProjectConfigurationPlatforms) = postSolution
		{E36279FD-6E55-4EF8-8F35-783F8C5AF7C2}.Debug|Any CPU.ActiveCfg = Debug|Any CPU
		{E36279FD-6E55-4EF8-8F35-783F8C5AF7C2}.Debug|Any CPU.Build.0 = Debug|Any CPU
		{E36279FD-6E55-4EF8-8F35-783F8C5AF7C2}.Release|Any CPU.ActiveCfg = Release|Any CPU
		{E36279FD-6E55-4EF8-8F35-783F8C5AF7C2}.Release|Any CPU.Build.0 = Release|Any CPU
	EndGlobalSection
	GlobalSection(SolutionProperties) = preSolution
		HideSolutionNode = FALSE
	EndGlobalSection
	GlobalSection(ExtensibilityGlobals) = postSolution
		SolutionGuid = {C90C4589-4BF0-4A2D-9126-EE0399CA11DA}
	EndGlobalSection
EndGlobal
